
Microsoft Visual Studio Solution File, Format Version 12.00
# Visual Studio Version 16
VisualStudioVersion = 16.0.29102.190
MinimumVisualStudioVersion = 10.0.40219.1
Project("{9A19103F-16F7-4668-BE54-9A1E7A4F7556}") = "SubtaskAPI", "SubtaskAPI\SubtaskAPI.csproj", "{AAE52200-A651-40ED-A9CE-EB2C35ADCBBA}"
EndProject
Project("{FAE04EC0-301F-11D3-BF4B-00C04F79EFBC}") = "SubtaskAPI.tests", "SubtaskAPI.tests\SubtaskAPI.tests.csproj", "{F442A694-676D-4B11-AB94-CCA4F87D6E8B}"
EndProject
Global
	GlobalSection(SolutionConfigurationPlatforms) = preSolution
		Debug|Any CPU = Debug|Any CPU
		Release|Any CPU = Release|Any CPU
	EndGlobalSection
	GlobalSection(ProjectConfigurationPlatforms) = postSolution
		{AAE52200-A651-40ED-A9CE-EB2C35ADCBBA}.Debug|Any CPU.ActiveCfg = Debug|Any CPU
		{AAE52200-A651-40ED-A9CE-EB2C35ADCBBA}.Debug|Any CPU.Build.0 = Debug|Any CPU
		{AAE52200-A651-40ED-A9CE-EB2C35ADCBBA}.Release|Any CPU.ActiveCfg = Release|Any CPU
		{AAE52200-A651-40ED-A9CE-EB2C35ADCBBA}.Release|Any CPU.Build.0 = Release|Any CPU
		{F442A694-676D-4B11-AB94-CCA4F87D6E8B}.Debug|Any CPU.ActiveCfg = Debug|Any CPU
		{F442A694-676D-4B11-AB94-CCA4F87D6E8B}.Debug|Any CPU.Build.0 = Debug|Any CPU
		{F442A694-676D-4B11-AB94-CCA4F87D6E8B}.Release|Any CPU.ActiveCfg = Release|Any CPU
		{F442A694-676D-4B11-AB94-CCA4F87D6E8B}.Release|Any CPU.Build.0 = Release|Any CPU
	EndGlobalSection
	GlobalSection(SolutionProperties) = preSolution
		HideSolutionNode = FALSE
	EndGlobalSection
	GlobalSection(ExtensibilityGlobals) = postSolution
		SolutionGuid = {16AA62BD-59D5-4715-99EF-601E7EFAD560}
	EndGlobalSection
EndGlobal
